
Microsoft Visual Studio Solution File, Format Version 12.00
# Visual Studio Version 17
VisualStudioVersion = 17.13.35818.85
MinimumVisualStudioVersion = 10.0.40219.1
Project("{888888A0-9F3D-457C-B088-3A5042F75D52}") = "Project 3", "Test\Project 3.pyproj", "{51ACAD8A-8392-415D-B987-33F76AE47492}"
EndProject
Global
	GlobalSection(SolutionConfigurationPlatforms) = preSolution
		Debug|Any CPU = Debug|Any CPU
		Release|Any CPU = Release|Any CPU
	EndGlobalSection
	GlobalSection(ProjectConfigurationPlatforms) = postSolution
		{51ACAD8A-8392-415D-B987-33F76AE47492}.Debug|Any CPU.ActiveCfg = Debug|Any CPU
		{51ACAD8A-8392-415D-B987-33F76AE47492}.Debug|Any CPU.Build.0 = Debug|Any CPU
		{51ACAD8A-8392-415D-B987-33F76AE47492}.Release|Any CPU.ActiveCfg = Release|Any CPU
		{51ACAD8A-8392-415D-B987-33F76AE47492}.Release|Any CPU.Build.0 = Release|Any CPU
	EndGlobalSection
	GlobalSection(SolutionProperties) = preSolution
		HideSolutionNode = FALSE
	EndGlobalSection
	GlobalSection(ExtensibilityGlobals) = postSolution
		SolutionGuid = {AC81B4CA-10BC-46AE-B4A7-DE730AD27A09}
	EndGlobalSection
EndGlobal
